
Microsoft Visual Studio Solution File, Format Version 12.00
# Visual Studio 15
VisualStudioVersion = 15.0.27130.2010
MinimumVisualStudioVersion = 10.0.40219.1
Project("{FAE04EC0-301F-11D3-BF4B-00C04F79EFBC}") = "AppscoreAncestry", "AppscoreAncestry\AppscoreAncestry.csproj", "{A3E5C7E2-CA48-4858-B5DE-90DEC3124F5A}"
EndProject
Project("{FAE04EC0-301F-11D3-BF4B-00C04F79EFBC}") = "AppscoreAncestry.Tests", "AppscoreAncestry.Tests\AppscoreAncestry.Tests.csproj", "{CE542CC4-3D07-49D9-93BD-4A232EAC9012}"
EndProject
Global
	GlobalSection(SolutionConfigurationPlatforms) = preSolution
		Debug|Any CPU = Debug|Any CPU
		Release|Any CPU = Release|Any CPU
	EndGlobalSection
	GlobalSection(ProjectConfigurationPlatforms) = postSolution
		{A3E5C7E2-CA48-4858-B5DE-90DEC3124F5A}.Debug|Any CPU.ActiveCfg = Debug|Any CPU
		{A3E5C7E2-CA48-4858-B5DE-90DEC3124F5A}.Debug|Any CPU.Build.0 = Debug|Any CPU
		{A3E5C7E2-CA48-4858-B5DE-90DEC3124F5A}.Release|Any CPU.ActiveCfg = Release|Any CPU
		{A3E5C7E2-CA48-4858-B5DE-90DEC3124F5A}.Release|Any CPU.Build.0 = Release|Any CPU
		{CE542CC4-3D07-49D9-93BD-4A232EAC9012}.Debug|Any CPU.ActiveCfg = Debug|Any CPU
		{CE542CC4-3D07-49D9-93BD-4A232EAC9012}.Debug|Any CPU.Build.0 = Debug|Any CPU
		{CE542CC4-3D07-49D9-93BD-4A232EAC9012}.Release|Any CPU.ActiveCfg = Release|Any CPU
		{CE542CC4-3D07-49D9-93BD-4A232EAC9012}.Release|Any CPU.Build.0 = Release|Any CPU
	EndGlobalSection
	GlobalSection(SolutionProperties) = preSolution
		HideSolutionNode = FALSE
	EndGlobalSection
	GlobalSection(ExtensibilityGlobals) = postSolution
		SolutionGuid = {7FF73731-D315-42D2-9A4C-26AB3877609B}
	EndGlobalSection
EndGlobal
